
Microsoft Visual Studio Solution File, Format Version 12.00
# Visual Studio 15
VisualStudioVersion = 15.0.27428.2015
MinimumVisualStudioVersion = 10.0.40219.1
Project("{888888A0-9F3D-457C-B088-3A5042F75D52}") = "connectDB", "connectDB\connectDB.pyproj", "{4659926A-5033-42F2-BFD5-E8D3CF487C68}"
EndProject
Global
	GlobalSection(SolutionConfigurationPlatforms) = preSolution
		Debug|Any CPU = Debug|Any CPU
		Release|Any CPU = Release|Any CPU
	EndGlobalSection
	GlobalSection(ProjectConfigurationPlatforms) = postSolution
		{4659926A-5033-42F2-BFD5-E8D3CF487C68}.Debug|Any CPU.ActiveCfg = Debug|Any CPU
		{4659926A-5033-42F2-BFD5-E8D3CF487C68}.Release|Any CPU.ActiveCfg = Release|Any CPU
	EndGlobalSection
	GlobalSection(SolutionProperties) = preSolution
		HideSolutionNode = FALSE
	EndGlobalSection
	GlobalSection(ExtensibilityGlobals) = postSolution
		SolutionGuid = {3150E2B5-C8F7-4F78-B7FE-2DA858170E1E}
	EndGlobalSection
EndGlobal
