
Microsoft Visual Studio Solution File, Format Version 12.00
# Visual Studio 15
VisualStudioVersion = 15.0.27428.2015
MinimumVisualStudioVersion = 10.0.40219.1
Project("{888888A0-9F3D-457C-B088-3A5042F75D52}") = "fill_table", "fill_table\fill_table.pyproj", "{E31705A7-7CFF-4D6B-9AD7-4AAC6CBC8530}"
EndProject
Global
	GlobalSection(SolutionConfigurationPlatforms) = preSolution
		Debug|Any CPU = Debug|Any CPU
		Release|Any CPU = Release|Any CPU
	EndGlobalSection
	GlobalSection(ProjectConfigurationPlatforms) = postSolution
		{E31705A7-7CFF-4D6B-9AD7-4AAC6CBC8530}.Debug|Any CPU.ActiveCfg = Debug|Any CPU
		{E31705A7-7CFF-4D6B-9AD7-4AAC6CBC8530}.Release|Any CPU.ActiveCfg = Release|Any CPU
	EndGlobalSection
	GlobalSection(SolutionProperties) = preSolution
		HideSolutionNode = FALSE
	EndGlobalSection
	GlobalSection(ExtensibilityGlobals) = postSolution
		SolutionGuid = {3C6E1C96-0351-459C-A653-006476CA74E8}
	EndGlobalSection
EndGlobal
