
Microsoft Visual Studio Solution File, Format Version 12.00
# Visual Studio 15
VisualStudioVersion = 15.0.27428.2015
MinimumVisualStudioVersion = 10.0.40219.1
Project("{888888A0-9F3D-457C-B088-3A5042F75D52}") = "main", "main\main.pyproj", "{A7A56317-61CF-4660-BCFD-7F5165B61A36}"
EndProject
Global
	GlobalSection(SolutionConfigurationPlatforms) = preSolution
		Debug|Any CPU = Debug|Any CPU
		Release|Any CPU = Release|Any CPU
	EndGlobalSection
	GlobalSection(ProjectConfigurationPlatforms) = postSolution
		{A7A56317-61CF-4660-BCFD-7F5165B61A36}.Debug|Any CPU.ActiveCfg = Debug|Any CPU
		{A7A56317-61CF-4660-BCFD-7F5165B61A36}.Release|Any CPU.ActiveCfg = Release|Any CPU
	EndGlobalSection
	GlobalSection(SolutionProperties) = preSolution
		HideSolutionNode = FALSE
	EndGlobalSection
	GlobalSection(ExtensibilityGlobals) = postSolution
		SolutionGuid = {8CC5F90E-01BB-4C2D-AA81-EC61346099D0}
	EndGlobalSection
EndGlobal
