
Microsoft Visual Studio Solution File, Format Version 12.00
# Visual Studio 15
VisualStudioVersion = 15.0.27428.2015
MinimumVisualStudioVersion = 10.0.40219.1
Project("{888888A0-9F3D-457C-B088-3A5042F75D52}") = "normalize_modified", "normalize_modified\normalize_modified.pyproj", "{0D45360A-9E25-479C-B1E9-2E9DFA1EBDD2}"
EndProject
Global
	GlobalSection(SolutionConfigurationPlatforms) = preSolution
		Debug|Any CPU = Debug|Any CPU
		Release|Any CPU = Release|Any CPU
	EndGlobalSection
	GlobalSection(ProjectConfigurationPlatforms) = postSolution
		{0D45360A-9E25-479C-B1E9-2E9DFA1EBDD2}.Debug|Any CPU.ActiveCfg = Debug|Any CPU
		{0D45360A-9E25-479C-B1E9-2E9DFA1EBDD2}.Release|Any CPU.ActiveCfg = Release|Any CPU
	EndGlobalSection
	GlobalSection(SolutionProperties) = preSolution
		HideSolutionNode = FALSE
	EndGlobalSection
	GlobalSection(ExtensibilityGlobals) = postSolution
		SolutionGuid = {69C8B1AB-4B79-4AF9-A66D-9190F5E63F69}
	EndGlobalSection
EndGlobal
